
Microsoft Visual Studio Solution File, Format Version 12.00
# Visual Studio 14
VisualStudioVersion = 14.0.25420.1
MinimumVisualStudioVersion = 10.0.40219.1
Project("{FAE04EC0-301F-11D3-BF4B-00C04F79EFBC}") = "PushLinkTest", "PushLinkTest\PushLinkTest.csproj", "{CEA40247-BA35-4D44-BAEB-55A0C28A248C}"
EndProject
Project("{FAE04EC0-301F-11D3-BF4B-00C04F79EFBC}") = "PushLinkBindings", "PushLinkBindings\PushLinkBindings.csproj", "{64117D84-3649-486E-9AF8-56CDC4D40D56}"
EndProject
Global
	GlobalSection(SolutionConfigurationPlatforms) = preSolution
		Debug|Any CPU = Debug|Any CPU
		Release|Any CPU = Release|Any CPU
	EndGlobalSection
	GlobalSection(ProjectConfigurationPlatforms) = postSolution
		{CEA40247-BA35-4D44-BAEB-55A0C28A248C}.Debug|Any CPU.ActiveCfg = Debug|Any CPU
		{CEA40247-BA35-4D44-BAEB-55A0C28A248C}.Debug|Any CPU.Build.0 = Debug|Any CPU
		{CEA40247-BA35-4D44-BAEB-55A0C28A248C}.Debug|Any CPU.Deploy.0 = Debug|Any CPU
		{CEA40247-BA35-4D44-BAEB-55A0C28A248C}.Release|Any CPU.ActiveCfg = Release|Any CPU
		{CEA40247-BA35-4D44-BAEB-55A0C28A248C}.Release|Any CPU.Build.0 = Release|Any CPU
		{CEA40247-BA35-4D44-BAEB-55A0C28A248C}.Release|Any CPU.Deploy.0 = Release|Any CPU
		{64117D84-3649-486E-9AF8-56CDC4D40D56}.Debug|Any CPU.ActiveCfg = Debug|Any CPU
		{64117D84-3649-486E-9AF8-56CDC4D40D56}.Debug|Any CPU.Build.0 = Debug|Any CPU
		{64117D84-3649-486E-9AF8-56CDC4D40D56}.Release|Any CPU.ActiveCfg = Release|Any CPU
		{64117D84-3649-486E-9AF8-56CDC4D40D56}.Release|Any CPU.Build.0 = Release|Any CPU
	EndGlobalSection
	GlobalSection(SolutionProperties) = preSolution
		HideSolutionNode = FALSE
	EndGlobalSection
EndGlobal
